
Microsoft Visual Studio Solution File, Format Version 12.00
# Visual Studio Version 16
VisualStudioVersion = 16.0.30907.101
MinimumVisualStudioVersion = 10.0.40219.1
Project("{FAE04EC0-301F-11D3-BF4B-00C04F79EFBC}") = "ClassMetotDemo", "ClassMetotDemo\ClassMetotDemo.csproj", "{AF9C4DBE-CA46-413D-93B1-A4A1C0BB8976}"
EndProject
Global
	GlobalSection(SolutionConfigurationPlatforms) = preSolution
		Debug|Any CPU = Debug|Any CPU
		Release|Any CPU = Release|Any CPU
	EndGlobalSection
	GlobalSection(ProjectConfigurationPlatforms) = postSolution
		{AF9C4DBE-CA46-413D-93B1-A4A1C0BB8976}.Debug|Any CPU.ActiveCfg = Debug|Any CPU
		{AF9C4DBE-CA46-413D-93B1-A4A1C0BB8976}.Debug|Any CPU.Build.0 = Debug|Any CPU
		{AF9C4DBE-CA46-413D-93B1-A4A1C0BB8976}.Release|Any CPU.ActiveCfg = Release|Any CPU
		{AF9C4DBE-CA46-413D-93B1-A4A1C0BB8976}.Release|Any CPU.Build.0 = Release|Any CPU
	EndGlobalSection
	GlobalSection(SolutionProperties) = preSolution
		HideSolutionNode = FALSE
	EndGlobalSection
	GlobalSection(ExtensibilityGlobals) = postSolution
		SolutionGuid = {B10D5382-C743-4092-BC18-DD6841FBEBE0}
	EndGlobalSection
EndGlobal
